// !$*UTF8*$!
{
	archiveVersion = 1;
	classes = {
	};
	objectVersion = 77;
	objects = {

/* Begin PBXContainerItemProxy section */
		B85925EF2FC981F10036D943 /* PBXContainerItemProxy */ = {
			isa = PBXContainerItemProxy;
			containerPortal = B85925CD2FC981F00036D943 /* Project object */;
			proxyType = 1;
			remoteGlobalIDString = B85925D42FC981F00036D943;
			remoteInfo = ViewDay;
		};
		B85925F92FC981F10036D943 /* PBXContainerItemProxy */ = {
			isa = PBXContainerItemProxy;
			containerPortal = B85925CD2FC981F00036D943 /* Project object */;
			proxyType = 1;
			remoteGlobalIDString = B85925D42FC981F00036D943;
			remoteInfo = ViewDay;
		};
/* End PBXContainerItemProxy section */

/* Begin PBXFileReference section */
		B85925D52FC981F00036D943 /* ViewDay.app */ = {isa = PBXFileReference; explicitFileType = wrapper.application; includeInIndex = 0; path = ViewDay.app; sourceTree = BUILT_PRODUCTS_DIR; };
		B85925EE2FC981F10036D943 /* ViewDayTests.xctest */ = {isa = PBXFileReference; explicitFileType = wrapper.cfbundle; includeInIndex = 0; path = ViewDayTests.xctest; sourceTree = BUILT_PRODUCTS_DIR; };
		B85925F82FC981F10036D943 /* ViewDayUITests.xctest */ = {isa = PBXFileReference; explicitFileType = wrapper.cfbundle; includeInIndex = 0; path = ViewDayUITests.xctest; sourceTree = BUILT_PRODUCTS_DIR; };
/* End PBXFileReference section */

/* Begin PBXFileSystemSynchronizedBuildFileExceptionSet section */
		B85926002FC981F10036D943 /* Exceptions for "ViewDay" folder in "ViewDay" target */ = {
			isa = PBXFileSystemSynchronizedBuildFileExceptionSet;
			membershipExceptions = (
				Info.plist,
			);
			target = B85925D42FC981F00036D943 /* ViewDay */;
		};
/* End PBXFileSystemSynchronizedBuildFileExceptionSet section */

/* Begin PBXFileSystemSynchronizedRootGroup section */
		B85925D72FC981F00036D943 /* ViewDay */ = {
			isa = PBXFileSystemSynchronizedRootGroup;
			exceptions = (
				B85926002FC981F10036D943 /* Exceptions for "ViewDay" folder in "ViewDay" target */,
			);
			path = ViewDay;
			sourceTree = "<group>";
		};
		B85925F12FC981F10036D943 /* ViewDayTests */ = {
			isa = PBXFileSystemSynchronizedRootGroup;
			path = ViewDayTests;
			sourceTree = "<group>";
		};
		B85925FB2FC981F10036D943 /* ViewDayUITests */ = {
			isa = PBXFileSystemSynchronizedRootGroup;
			path = ViewDayUITests;
			sourceTree = "<group>";
		};
/* End PBXFileSystemSynchronizedRootGroup section */

/* Begin PBXFrameworksBuildPhase section */
		B85925D22FC981F00036D943 /* Frameworks */ = {
			isa = PBXFrameworksBuildPhase;
			buildActionMask = 2147483647;
			files = (
			);
			runOnlyForDeploymentPostprocessing = 0;
		};
		B85925EB2FC981F10036D943 /* Frameworks */ = {
			isa = PBXFrameworksBuildPhase;
			buildActionMask = 2147483647;
			files = (
			);
			runOnlyForDeploymentPostprocessing = 0;
		};
		B85925F52FC981F10036D943 /* Frameworks */ = {
			isa = PBXFrameworksBuildPhase;
			buildActionMask = 2147483647;
			files = (
			);
			runOnlyForDeploymentPostprocessing = 0;
		};
/* End PBXFrameworksBuildPhase section */

/* Begin PBXGroup section */
		B85925CC2FC981F00036D943 = {
			isa = PBXGroup;
			children = (
				B85925D72FC981F00036D943 /* ViewDay */,
				B85925F12FC981F10036D943 /* ViewDayTests */,
				B85925FB2FC981F10036D943 /* ViewDayUITests */,
				B85925D62FC981F00036D943 /* Products */,
			);
			sourceTree = "<group>";
		};
		B85925D62FC981F00036D943 /* Products */ = {
			isa = PBXGroup;
			children = (
				B85925D52FC981F00036D943 /* ViewDay.app */,
				B85925EE2FC981F10036D943 /* ViewDayTests.xctest */,
				B85925F82FC981F10036D943 /* ViewDayUITests.xctest */,
			);
			name = Products;
			sourceTree = "<group>";
		};
/* End PBXGroup section */

/* Begin PBXNativeTarget section */
		B85925D42FC981F00036D943 /* ViewDay */ = {
			isa = PBXNativeTarget;
			buildConfigurationList = B85926012FC981F10036D943 /* Build configuration list for PBXNativeTarget "ViewDay" */;
			buildPhases = (
				B85925D12FC981F00036D943 /* Sources */,
				B85925D22FC981F00036D943 /* Frameworks */,
				B85925D32FC981F00036D943 /* Resources */,
			);
			buildRules = (
			);
			dependencies = (
			);
			fileSystemSynchronizedGroups = (
				B85925D72FC981F00036D943 /* ViewDay */,
			);
			name = ViewDay;
			packageProductDependencies = (
			);
			productName = ViewDay;
			productReference = B85925D52FC981F00036D943 /* ViewDay.app */;
			productType = "com.apple.product-type.application";
		};
		B85925ED2FC981F10036D943 /* ViewDayTests */ = {
			isa = PBXNativeTarget;
			buildConfigurationList = B85926062FC981F10036D943 /* Build configuration list for PBXNativeTarget "ViewDayTests" */;
			buildPhases = (
				B85925EA2FC981F10036D943 /* Sources */,
				B85925EB2FC981F10036D943 /* Frameworks */,
				B85925EC2FC981F10036D943 /* Resources */,
			);
			buildRules = (
			);
			dependencies = (
				B85925F02FC981F10036D943 /* PBXTargetDependency */,
			);
			fileSystemSynchronizedGroups = (
				B85925F12FC981F10036D943 /* ViewDayTests */,
			);
			name = ViewDayTests;
			packageProductDependencies = (
			);
			productName = ViewDayTests;
			productReference = B85925EE2FC981F10036D943 /* ViewDayTests.xctest */;
			productType = "com.apple.product-type.bundle.unit-test";
		};
		B85925F72FC981F10036D943 /* ViewDayUITests */ = {
			isa = PBXNativeTarget;
			buildConfigurationList = B85926092FC981F10036D943 /* Build configuration list for PBXNativeTarget "ViewDayUITests" */;
			buildPhases = (
				B85925F42FC981F10036D943 /* Sources */,
				B85925F52FC981F10036D943 /* Frameworks */,
				B85925F62FC981F10036D943 /* Resources */,
			);
			buildRules = (
			);
			dependencies = (
				B85925FA2FC981F10036D943 /* PBXTargetDependency */,
			);
			fileSystemSynchronizedGroups = (
				B85925FB2FC981F10036D943 /* ViewDayUITests */,
			);
			name = ViewDayUITests;
			packageProductDependencies = (
			);
			productName = ViewDayUITests;
			productReference = B85925F82FC981F10036D943 /* ViewDayUITests.xctest */;
			productType = "com.apple.product-type.bundle.ui-testing";
		};
/* End PBXNativeTarget section */

/* Begin PBXProject section */
		B85925CD2FC981F00036D943 /* Project object */ = {
			isa = PBXProject;
			attributes = {
				BuildIndependentTargetsInParallel = 1;
				LastSwiftUpdateCheck = 1640;
				LastUpgradeCheck = 1640;
				TargetAttributes = {
					B85925D42FC981F00036D943 = {
						CreatedOnToolsVersion = 16.4;
					};
					B85925ED2FC981F10036D943 = {
						CreatedOnToolsVersion = 16.4;
						TestTargetID = B85925D42FC981F00036D943;
					};
					B85925F72FC981F10036D943 = {
						CreatedOnToolsVersion = 16.4;
						TestTargetID = B85925D42FC981F00036D943;
					};
				};
			};
			buildConfigurationList = B85925D02FC981F00036D943 /* Build configuration list for PBXProject "ViewDay" */;
			developmentRegion = en;
			hasScannedForEncodings = 0;
			knownRegions = (
				en,
				Base,
			);
			mainGroup = B85925CC2FC981F00036D943;
			minimizedProjectReferenceProxies = 1;
			preferredProjectObjectVersion = 77;
			productRefGroup = B85925D62FC981F00036D943 /* Products */;
			projectDirPath = "";
			projectRoot = "";
			targets = (
				B85925D42FC981F00036D943 /* ViewDay */,
				B85925ED2FC981F10036D943 /* ViewDayTests */,
				B85925F72FC981F10036D943 /* ViewDayUITests */,
			);
		};
/* End PBXProject section */

/* Begin PBXResourcesBuildPhase section */
		B85925D32FC981F00036D943 /* Resources */ = {
			isa = PBXResourcesBuildPhase;
			buildActionMask = 2147483647;
			files = (
			);
			runOnlyForDeploymentPostprocessing = 0;
		};
		B85925EC2FC981F10036D943 /* Resources */ = {
			isa = PBXResourcesBuildPhase;
			buildActionMask = 2147483647;
			files = (
			);
			runOnlyForDeploymentPostprocessing = 0;
		};
		B85925F62FC981F10036D943 /* Resources */ = {
			isa = PBXResourcesBuildPhase;
			buildActionMask = 2147483647;
			files = (
			);
			runOnlyForDeploymentPostprocessing = 0;
		};
/* End PBXResourcesBuildPhase section */

/* Begin PBXSourcesBuildPhase section */
		B85925D12FC981F00036D943 /* Sources */ = {
			isa = PBXSourcesBuildPhase;
			buildActionMask = 2147483647;
			files = (
			);
			runOnlyForDeploymentPostprocessing = 0;
		};
		B85925EA2FC981F10036D943 /* Sources */ = {
			isa = PBXSourcesBuildPhase;
			buildActionMask = 2147483647;
			files = (
			);
			runOnlyForDeploymentPostprocessing = 0;
		};
		B85925F42FC981F10036D943 /* Sources */ = {
			isa = PBXSourcesBuildPhase;
			buildActionMask = 2147483647;
			files = (
			);
			runOnlyForDeploymentPostprocessing = 0;
		};
/* End PBXSourcesBuildPhase section */

/* Begin PBXTargetDependency section */
		B85925F02FC981F10036D943 /* PBXTargetDependency */ = {
			isa = PBXTargetDependency;
			target = B85925D42FC981F00036D943 /* ViewDay */;
			targetProxy = B85925EF2FC981F10036D943 /* PBXContainerItemProxy */;
		};
		B85925FA2FC981F10036D943 /* PBXTargetDependency */ = {
			isa = PBXTargetDependency;
			target = B85925D42FC981F00036D943 /* ViewDay */;
			targetProxy = B85925F92FC981F10036D943 /* PBXContainerItemProxy */;
		};
/* End PBXTargetDependency section */

/* Begin XCBuildConfiguration section */
		B85926022FC981F10036D943 /* Debug */ = {
			isa = XCBuildConfiguration;
			buildSettings = {
				ASSETCATALOG_COMPILER_APPICON_NAME = AppIcon;
				ASSETCATALOG_COMPILER_GLOBAL_ACCENT_COLOR_NAME = AccentColor;
				CODE_SIGN_STYLE = Automatic;
				CURRENT_PROJECT_VERSION = 1;
				GENERATE_INFOPLIST_FILE = YES;
				INFOPLIST_FILE = ViewDay/Info.plist;
				INFOPLIST_KEY_UIApplicationSupportsIndirectInputEvents = YES;
				INFOPLIST_KEY_UILaunchStoryboardName = LaunchScreen;
				INFOPLIST_KEY_UIMainStoryboardFile = Main;
				INFOPLIST_KEY_UISupportedInterfaceOrientations_iPad = "UIInterfaceOrientationPortrait UIInterfaceOrientationPortraitUpsideDown UIInterfaceOrientationLandscapeLeft UIInterfaceOrientationLandscapeRight";
				INFOPLIST_KEY_UISupportedInterfaceOrientations_iPhone = "UIInterfaceOrientationPortrait UIInterfaceOrientationLandscapeLeft UIInterfaceOrientationLandscapeRight";
				LD_RUNPATH_SEARCH_PATHS = (
					"$(inherited)",
					"@executable_path/Frameworks",
				);
				MARKETING_VERSION = 1.0;
				PRODUCT_BUNDLE_IDENTIFIER = com.yu.ViewDay;
				PRODUCT_NAME = "$(TARGET_NAME)";
				SWIFT_EMIT_LOC_STRINGS = YES;
				SWIFT_VERSION = 5.0;
				TARGETED_DEVICE_FAMILY = "1,2";
			};
			name = Debug;
		};
		B85926032FC981F10036D943 /* Release */ = {
			isa = XCBuildConfiguration;
			buildSettings = {
				ASSETCATALOG_COMPILER_APPICON_NAME = AppIcon;
				ASSETCATALOG_COMPILER_GLOBAL_ACCENT_COLOR_NAME = AccentColor;
				CODE_SIGN_STYLE = Automatic;
				CURRENT_PROJECT_VERSION = 1;
				GENERATE_INFOPLIST_FILE = YES;
				INFOPLIST_FILE = ViewDay/Info.plist;
				INFOPLIST_KEY_UIApplicationSupportsIndirectInputEvents = YES;
				INFOPLIST_KEY_UILaunchStoryboardName = LaunchScreen;
				INFOPLIST_KEY_UIMainStoryboardFile = Main;
				INFOPLIST_KEY_UISupportedInterfaceOrientations_iPad = "UIInterfaceOrientationPortrait UIInterfaceOrientationPortraitUpsideDown UIInterfaceOrientationLandscapeLeft UIInterfaceOrientationLandscapeRight";
				INFOPLIST_KEY_UISupportedInterfaceOrientations_iPhone = "UIInterfaceOrientationPortrait UIInterfaceOrientationLandscapeLeft UIInterfaceOrientationLandscapeRight";
				LD_RUNPATH_SEARCH_PATHS = (
					"$(inherited)",
					"@executable_path/Frameworks",
				);
				MARKETING_VERSION = 1.0;
				PRODUCT_BUNDLE_IDENTIFIER = com.yu.ViewDay;
				PRODUCT_NAME = "$(TARGET_NAME)";
				SWIFT_EMIT_LOC_STRINGS = YES;
				SWIFT_VERSION = 5.0;
				TARGETED_DEVICE_FAMILY = "1,2";
			};
			name = Release;
		};
		B85926042FC981F10036D943 /* Debug */ = {
			isa = XCBuildConfiguration;
			buildSettings = {
				ALWAYS_SEARCH_USER_PATHS = NO;
				ASSETCATALOG_COMPILER_GENERATE_SWIFT_ASSET_SYMBOL_EXTENSIONS = YES;
				CLANG_ANALYZER_NONNULL = YES;
				CLANG_ANALYZER_NUMBER_OBJECT_CONVERSION = YES_AGGRESSIVE;
				CLANG_CXX_LANGUAGE_STANDARD = "gnu++20";
				CLANG_ENABLE_MODULES = YES;
				CLANG_ENABLE_OBJC_ARC = YES;
				CLANG_ENABLE_OBJC_WEAK = YES;
				CLANG_WARN_BLOCK_CAPTURE_AUTORELEASING = YES;
				CLANG_WARN_BOOL_CONVERSION = YES;
				CLANG_WARN_COMMA = YES;
				CLANG_WARN_CONSTANT_CONVERSION = YES;
				CLANG_WARN_DEPRECATED_OBJC_IMPLEMENTATIONS = YES;
				CLANG_WARN_DIRECT_OBJC_ISA_USAGE = YES_ERROR;
				CLANG_WARN_DOCUMENTATION_COMMENTS = YES;
				CLANG_WARN_EMPTY_BODY = YES;
				CLANG_WARN_ENUM_CONVERSION = YES;
				CLANG_WARN_INFINITE_RECURSION = YES;
				CLANG_WARN_INT_CONVERSION = YES;
				CLANG_WARN_NON_LITERAL_NULL_CONVERSION = YES;
				CLANG_WARN_OBJC_IMPLICIT_RETAIN_SELF = YES;
				CLANG_WARN_OBJC_LITERAL_CONVERSION = YES;
				CLANG_WARN_OBJC_ROOT_CLASS = YES_ERROR;
				CLANG_WARN_QUOTED_INCLUDE_IN_FRAMEWORK_HEADER = YES;
				CLANG_WARN_RANGE_LOOP_ANALYSIS = YES;
				CLANG_WARN_STRICT_PROTOTYPES = YES;
				CLANG_WARN_SUSPICIOUS_MOVE = YES;
				CLANG_WARN_UNGUARDED_AVAILABILITY = YES_AGGRESSIVE;
				CLANG_WARN_UNREACHABLE_CODE = YES;
				CLANG_WARN__DUPLICATE_METHOD_MATCH = YES;
				COPY_PHASE_STRIP = NO;
				DEBUG_INFORMATION_FORMAT = dwarf;
				ENABLE_STRICT_OBJC_MSGSEND = YES;
				ENABLE_TESTABILITY = YES;
				ENABLE_USER_SCRIPT_SANDBOXING = YES;
				GCC_C_LANGUAGE_STANDARD = gnu17;
				GCC_DYNAMIC_NO_PIC = NO;
				GCC_NO_COMMON_BLOCKS = YES;
				GCC_OPTIMIZATION_LEVEL = 0;
				GCC_PREPROCESSOR_DEFINITIONS = (
					"DEBUG=1",
					"$(inherited)",
				);
				GCC_WARN_64_TO_32_BIT_CONVERSION = YES;
				GCC_WARN_ABOUT_RETURN_TYPE = YES_ERROR;
				GCC_WARN_UNDECLARED_SELECTOR = YES;
				GCC_WARN_UNINITIALIZED_AUTOS = YES_AGGRESSIVE;
				GCC_WARN_UNUSED_FUNCTION = YES;
				GCC_WARN_UNUSED_VARIABLE = YES;
				IPHONEOS_DEPLOYMENT_TARGET = 18.5;
				LOCALIZATION_PREFERS_STRING_CATALOGS = YES;
				MTL_ENABLE_DEBUG_INFO = INCLUDE_SOURCE;
				MTL_FAST_MATH = YES;
				ONLY_ACTIVE_ARCH = YES;
				SDKROOT = iphoneos;
				SWIFT_ACTIVE_COMPILATION_CONDITIONS = "DEBUG $(inherited)";
				SWIFT_OPTIMIZATION_LEVEL = "-Onone";
			};
			name = Debug;
		};
		B85926052FC981F10036D943 /* Release */ = {
			isa = XCBuildConfiguration;
			buildSettings = {
				ALWAYS_SEARCH_USER_PATHS = NO;
				ASSETCATALOG_COMPILER_GENERATE_SWIFT_ASSET_SYMBOL_EXTENSIONS = YES;
				CLANG_ANALYZER_NONNULL = YES;
				CLANG_ANALYZER_NUMBER_OBJECT_CONVERSION = YES_AGGRESSIVE;
				CLANG_CXX_LANGUAGE_STANDARD = "gnu++20";
				CLANG_ENABLE_MODULES = YES;
				CLANG_ENABLE_OBJC_ARC = YES;
				CLANG_ENABLE_OBJC_WEAK = YES;
				CLANG_WARN_BLOCK_CAPTURE_AUTORELEASING = YES;
				CLANG_WARN_BOOL_CONVERSION = YES;
				CLANG_WARN_COMMA = YES;
				CLANG_WARN_CONSTANT_CONVERSION = YES;
				CLANG_WARN_DEPRECATED_OBJC_IMPLEMENTATIONS = YES;
				CLANG_WARN_DIRECT_OBJC_ISA_USAGE = YES_ERROR;
				CLANG_WARN_DOCUMENTATION_COMMENTS = YES;
				CLANG_WARN_EMPTY_BODY = YES;
				CLANG_WARN_ENUM_CONVERSION = YES;
				CLANG_WARN_INFINITE_RECURSION = YES;
				CLANG_WARN_INT_CONVERSION = YES;
				CLANG_WARN_NON_LITERAL_NULL_CONVERSION = YES;
				CLANG_WARN_OBJC_IMPLICIT_RETAIN_SELF = YES;
				CLANG_WARN_OBJC_LITERAL_CONVERSION = YES;
				CLANG_WARN_OBJC_ROOT_CLASS = YES_ERROR;
				CLANG_WARN_QUOTED_INCLUDE_IN_FRAMEWORK_HEADER = YES;
				CLANG_WARN_RANGE_LOOP_ANALYSIS = YES;
				CLANG_WARN_STRICT_PROTOTYPES = YES;
				CLANG_WARN_SUSPICIOUS_MOVE = YES;
				CLANG_WARN_UNGUARDED_AVAILABILITY = YES_AGGRESSIVE;
				CLANG_WARN_UNREACHABLE_CODE = YES;
				CLANG_WARN__DUPLICATE_METHOD_MATCH = YES;
				COPY_PHASE_STRIP = NO;
				DEBUG_INFORMATION_FORMAT = "dwarf-with-dsym";
				ENABLE_NS_ASSERTIONS = NO;
				ENABLE_STRICT_OBJC_MSGSEND = YES;
				ENABLE_USER_SCRIPT_SANDBOXING = YES;
				GCC_C_LANGUAGE_STANDARD = gnu17;
				GCC_NO_COMMON_BLOCKS = YES;
				GCC_WARN_64_TO_32_BIT_CONVERSION = YES;
				GCC_WARN_ABOUT_RETURN_TYPE = YES_ERROR;
				GCC_WARN_UNDECLARED_SELECTOR = YES;
				GCC_WARN_UNINITIALIZED_AUTOS = YES_AGGRESSIVE;
				GCC_WARN_UNUSED_FUNCTION = YES;
				GCC_WARN_UNUSED_VARIABLE = YES;
				IPHONEOS_DEPLOYMENT_TARGET = 18.5;
				LOCALIZATION_PREFERS_STRING_CATALOGS = YES;
				MTL_ENABLE_DEBUG_INFO = NO;
				MTL_FAST_MATH = YES;
				SDKROOT = iphoneos;
				SWIFT_COMPILATION_MODE = wholemodule;
				VALIDATE_PRODUCT = YES;
			};
			name = Release;
		};
		B85926072FC981F10036D943 /* Debug */ = {
			isa = XCBuildConfiguration;
			buildSettings = {
				BUNDLE_LOADER = "$(TEST_HOST)";
				CODE_SIGN_STYLE = Automatic;
				CURRENT_PROJECT_VERSION = 1;
				GENERATE_INFOPLIST_FILE = YES;
				IPHONEOS_DEPLOYMENT_TARGET = 18.5;
				MARKETING_VERSION = 1.0;
				PRODUCT_BUNDLE_IDENTIFIER = com.yu.ViewDayTests;
				PRODUCT_NAME = "$(TARGET_NAME)";
				SWIFT_EMIT_LOC_STRINGS = NO;
				SWIFT_VERSION = 5.0;
				TARGETED_DEVICE_FAMILY = "1,2";
				TEST_HOST = "$(BUILT_PRODUCTS_DIR)/ViewDay.app/$(BUNDLE_EXECUTABLE_FOLDER_PATH)/ViewDay";
			};
			name = Debug;
		};
		B85926082FC981F10036D943 /* Release */ = {
			isa = XCBuildConfiguration;
			buildSettings = {
				BUNDLE_LOADER = "$(TEST_HOST)";
				CODE_SIGN_STYLE = Automatic;
				CURRENT_PROJECT_VERSION = 1;
				GENERATE_INFOPLIST_FILE = YES;
				IPHONEOS_DEPLOYMENT_TARGET = 18.5;
				MARKETING_VERSION = 1.0;
				PRODUCT_BUNDLE_IDENTIFIER = com.yu.ViewDayTests;
				PRODUCT_NAME = "$(TARGET_NAME)";
				SWIFT_EMIT_LOC_STRINGS = NO;
				SWIFT_VERSION = 5.0;
				TARGETED_DEVICE_FAMILY = "1,2";
				TEST_HOST = "$(BUILT_PRODUCTS_DIR)/ViewDay.app/$(BUNDLE_EXECUTABLE_FOLDER_PATH)/ViewDay";
			};
			name = Release;
		};
		B859260A2FC981F10036D943 /* Debug */ = {
			isa = XCBuildConfiguration;
			buildSettings = {
				CODE_SIGN_STYLE = Automatic;
				CURRENT_PROJECT_VERSION = 1;
				GENERATE_INFOPLIST_FILE = YES;
				MARKETING_VERSION = 1.0;
				PRODUCT_BUNDLE_IDENTIFIER = com.yu.ViewDayUITests;
				PRODUCT_NAME = "$(TARGET_NAME)";
				SWIFT_EMIT_LOC_STRINGS = NO;
				SWIFT_VERSION = 5.0;
				TARGETED_DEVICE_FAMILY = "1,2";
				TEST_TARGET_NAME = ViewDay;
			};
			name = Debug;
		};
		B859260B2FC981F10036D943 /* Release */ = {
			isa = XCBuildConfiguration;
			buildSettings = {
				CODE_SIGN_STYLE = Automatic;
				CURRENT_PROJECT_VERSION = 1;
				GENERATE_INFOPLIST_FILE = YES;
				MARKETING_VERSION = 1.0;
				PRODUCT_BUNDLE_IDENTIFIER = com.yu.ViewDayUITests;
				PRODUCT_NAME = "$(TARGET_NAME)";
				SWIFT_EMIT_LOC_STRINGS = NO;
				SWIFT_VERSION = 5.0;
				TARGETED_DEVICE_FAMILY = "1,2";
				TEST_TARGET_NAME = ViewDay;
			};
			name = Release;
		};
/* End XCBuildConfiguration section */

/* Begin XCConfigurationList section */
		B85925D02FC981F00036D943 /* Build configuration list for PBXProject "ViewDay" */ = {
			isa = XCConfigurationList;
			buildConfigurations = (
				B85926042FC981F10036D943 /* Debug */,
				B85926052FC981F10036D943 /* Release */,
			);
			defaultConfigurationIsVisible = 0;
			defaultConfigurationName = Release;
		};
		B85926012FC981F10036D943 /* Build configuration list for PBXNativeTarget "ViewDay" */ = {
			isa = XCConfigurationList;
			buildConfigurations = (
				B85926022FC981F10036D943 /* Debug */,
				B85926032FC981F10036D943 /* Release */,
			);
			defaultConfigurationIsVisible = 0;
			defaultConfigurationName = Release;
		};
		B85926062FC981F10036D943 /* Build configuration list for PBXNativeTarget "ViewDayTests" */ = {
			isa = XCConfigurationList;
			buildConfigurations = (
				B85926072FC981F10036D943 /* Debug */,
				B85926082FC981F10036D943 /* Release */,
			);
			defaultConfigurationIsVisible = 0;
			defaultConfigurationName = Release;
		};
		B85926092FC981F10036D943 /* Build configuration list for PBXNativeTarget "ViewDayUITests" */ = {
			isa = XCConfigurationList;
			buildConfigurations = (
				B859260A2FC981F10036D943 /* Debug */,
				B859260B2FC981F10036D943 /* Release */,
			);
			defaultConfigurationIsVisible = 0;
			defaultConfigurationName = Release;
		};
/* End XCConfigurationList section */
	};
	rootObject = B85925CD2FC981F00036D943 /* Project object */;
}
